// !$*UTF8*$!
{
	archiveVersion = 1;
	classes = {
	};
	objectVersion = 52;
	objects = {

/* Begin PBXBuildFile section */
		0D8EC93DAA415812C6E38CC6 /* Pods_UI_Platform.framework in Frameworks */ = {isa = PBXBuildFile; fileRef = EA3D33AA55F40A8132802682 /* Pods_UI_Platform.framework */; };
		3A03B92F2582745700B7478E /* MenuAnimationView.swift in Sources */ = {isa = PBXBuildFile; fileRef = 3A03B92E2582745700B7478E /* MenuAnimationView.swift */; };
		3A03B93125827C2000B7478E /* MenuAnimationView.txt in Resources */ = {isa = PBXBuildFile; fileRef = 3A03B93025827C2000B7478E /* MenuAnimationView.txt */; };
		3A230124257A4A6800D3FE60 /* CubeRotationView.swift in Sources */ = {isa = PBXBuildFile; fileRef = 3A230123257A4A6800D3FE60 /* CubeRotationView.swift */; };
		3A230126257A4F7300D3FE60 /* CubeRotationView.txt in Resources */ = {isa = PBXBuildFile; fileRef = 3A230125257A4F7300D3FE60 /* CubeRotationView.txt */; };
		3A230129257A50F000D3FE60 /* ScrollEffect3DView.swift in Sources */ = {isa = PBXBuildFile; fileRef = 3A230128257A50F000D3FE60 /* ScrollEffect3DView.swift */; };
		3A273349257FB54500236BF7 /* JoyStickView.swift in Sources */ = {isa = PBXBuildFile; fileRef = 3A273348257FB54500236BF7 /* JoyStickView.swift */; };
		3A27334B257FC47900236BF7 /* JoyStickView.txt in Resources */ = {isa = PBXBuildFile; fileRef = 3A27334A257FC47900236BF7 /* JoyStickView.txt */; };
		3A278A7325739AA7007EC881 /* LazyVgridSearch.swift in Sources */ = {isa = PBXBuildFile; fileRef = 3A278A7225739AA7007EC881 /* LazyVgridSearch.swift */; };
		3A278A7525739BB9007EC881 /* VgridSearchView.txt in Resources */ = {isa = PBXBuildFile; fileRef = 3A278A7425739BB9007EC881 /* VgridSearchView.txt */; };
		3A2C5E1A256FF04700A5E87D /* LoadingView.swift in Sources */ = {isa = PBXBuildFile; fileRef = 3A2C5E19256FF04700A5E87D /* LoadingView.swift */; };
		3A35114F2580A5DB00FB3C94 /* StarAnimationView.swift in Sources */ = {isa = PBXBuildFile; fileRef = 3A35114E2580A5DB00FB3C94 /* StarAnimationView.swift */; };
		3A3511512580B32300FB3C94 /* StarAnimationView.txt in Resources */ = {isa = PBXBuildFile; fileRef = 3A3511502580B32300FB3C94 /* StarAnimationView.txt */; };
		3A3641D2257B31540079426F /* AdMob.swift in Sources */ = {isa = PBXBuildFile; fileRef = 3A3641D1257B31540079426F /* AdMob.swift */; };
		3A48FE8A257236010055BA9F /* Circular_SliderView.txt in Resources */ = {isa = PBXBuildFile; fileRef = 3A48FE89257236010055BA9F /* Circular_SliderView.txt */; };
		3A48FE8D25723A650055BA9F /* PieChartView.swift in Sources */ = {isa = PBXBuildFile; fileRef = 3A48FE8C25723A650055BA9F /* PieChartView.swift */; };
		3A48FE8F25723CA60055BA9F /* PieChartView.txt in Resources */ = {isa = PBXBuildFile; fileRef = 3A48FE8E25723CA60055BA9F /* PieChartView.txt */; };
		3A57E7F3256D2B5D00810209 /* UI_PlatformApp.swift in Sources */ = {isa = PBXBuildFile; fileRef = 3A57E7F2256D2B5D00810209 /* UI_PlatformApp.swift */; };
		3A57E7F5256D2B5D00810209 /* ContentView.swift in Sources */ = {isa = PBXBuildFile; fileRef = 3A57E7F4256D2B5D00810209 /* ContentView.swift */; };
		3A57E7F7256D2B5E00810209 /* Assets.xcassets in Resources */ = {isa = PBXBuildFile; fileRef = 3A57E7F6256D2B5E00810209 /* Assets.xcassets */; };
		3A57E7FA256D2B5E00810209 /* Preview Assets.xcassets in Resources */ = {isa = PBXBuildFile; fileRef = 3A57E7F9256D2B5E00810209 /* Preview Assets.xcassets */; };
		3A57E804256D2B9C00810209 /* CodeMirror-SwiftUI in Frameworks */ = {isa = PBXBuildFile; productRef = 3A57E803256D2B9C00810209 /* CodeMirror-SwiftUI */; };
		3A57E805256D2B9C00810209 /* CodeMirror-SwiftUI in Embed Frameworks */ = {isa = PBXBuildFile; productRef = 3A57E803256D2B9C00810209 /* CodeMirror-SwiftUI */; settings = {ATTRIBUTES = (CodeSignOnCopy, ); }; };
		3A57E80E256D2D9F00810209 /* Demo.txt in Resources */ = {isa = PBXBuildFile; fileRef = 3A57E80D256D2D9F00810209 /* Demo.txt */; };
		3A67C3A02585104A00E1228B /* WaterfallLayoutView.swift in Sources */ = {isa = PBXBuildFile; fileRef = 3A67C39F2585104A00E1228B /* WaterfallLayoutView.swift */; };
		3A67C3A22585182C00E1228B /* WaterfallLayoutView.txt in Resources */ = {isa = PBXBuildFile; fileRef = 3A67C3A12585182C00E1228B /* WaterfallLayoutView.txt */; };
		3A6E921C257B36F500650F21 /* secKey.swift in Sources */ = {isa = PBXBuildFile; fileRef = 3A6E921B257B36F500650F21 /* secKey.swift */; };
		3A7A5D1925D6C4E100417442 /* SwipeHeaderView.swift in Sources */ = {isa = PBXBuildFile; fileRef = 3A7A5D1825D6C4E100417442 /* SwipeHeaderView.swift */; };
		3A7B1A8E25845F8100AC4451 /* ExpandingButtonView.swift in Sources */ = {isa = PBXBuildFile; fileRef = 3A7B1A8D25845F8100AC4451 /* ExpandingButtonView.swift */; };
		3A7B1A902584676D00AC4451 /* ExpandingButtonView.txt in Resources */ = {isa = PBXBuildFile; fileRef = 3A7B1A8F2584676D00AC4451 /* ExpandingButtonView.txt */; };
		3A852088257A5A3800996913 /* ScrollEffect3DView.txt in Resources */ = {isa = PBXBuildFile; fileRef = 3A852087257A5A3800996913 /* ScrollEffect3DView.txt */; };
		3A9CE8FA25792E110066409F /* CardTypeView.swift in Sources */ = {isa = PBXBuildFile; fileRef = 3A9CE8F925792E110066409F /* CardTypeView.swift */; };
		3A9CE8FC257939F50066409F /* CardTypeView.txt in Resources */ = {isa = PBXBuildFile; fileRef = 3A9CE8FB257939F50066409F /* CardTypeView.txt */; };
		3A9FFBC725768978006D7886 /* WebSampleView.swift in Sources */ = {isa = PBXBuildFile; fileRef = 3A9FFBC625768978006D7886 /* WebSampleView.swift */; };
		3A9FFBCA25768C8F006D7886 /* LiquidSwipeView.swift in Sources */ = {isa = PBXBuildFile; fileRef = 3A9FFBC925768C8F006D7886 /* LiquidSwipeView.swift */; };
		3A9FFBCC25768ED9006D7886 /* LiquidSwipeView.txt in Resources */ = {isa = PBXBuildFile; fileRef = 3A9FFBCB25768ED9006D7886 /* LiquidSwipeView.txt */; };
		3AADB49325736779005BA1FF /* OnBoardingView.swift in Sources */ = {isa = PBXBuildFile; fileRef = 3AADB49225736779005BA1FF /* OnBoardingView.swift */; };
		3AADB49625736D53005BA1FF /* LoopMovieView.swift in Sources */ = {isa = PBXBuildFile; fileRef = 3AADB49525736D53005BA1FF /* LoopMovieView.swift */; };
		3AADB49825736E3D005BA1FF /* LoopBackgroundView.swift in Sources */ = {isa = PBXBuildFile; fileRef = 3AADB49725736E3D005BA1FF /* LoopBackgroundView.swift */; };
		3AADB49A25737165005BA1FF /* Extensions.swift in Sources */ = {isa = PBXBuildFile; fileRef = 3AADB49925737165005BA1FF /* Extensions.swift */; };
		3AAEBA2E25711A3800500142 /* AnalogClockView.swift in Sources */ = {isa = PBXBuildFile; fileRef = 3AAEBA2D25711A3800500142 /* AnalogClockView.swift */; };
		3AAEBA302571237F00500142 /* AnalogClockView.txt in Resources */ = {isa = PBXBuildFile; fileRef = 3AAEBA2F2571237F00500142 /* AnalogClockView.txt */; };
		3AB331AE257C8277003409CE /* StarRatingView.txt in Resources */ = {isa = PBXBuildFile; fileRef = 3AB331AD257C8277003409CE /* StarRatingView.txt */; };
		3AB331B1257C8700003409CE /* IsometricView.swift in Sources */ = {isa = PBXBuildFile; fileRef = 3AB331B0257C8700003409CE /* IsometricView.swift */; };
		3ABB640A2572316C002E2AA6 /* Circular_SliderView.swift in Sources */ = {isa = PBXBuildFile; fileRef = 3ABB64092572316C002E2AA6 /* Circular_SliderView.swift */; };
		3ABE66F525738109006D7F5D /* code-1.mp4 in Resources */ = {isa = PBXBuildFile; fileRef = 3ABE66F3257380D9006D7F5D /* code-1.mp4 */; };
		3ABE66F625738109006D7F5D /* code-2.mp4 in Resources */ = {isa = PBXBuildFile; fileRef = 3ABE66F4257380D9006D7F5D /* code-2.mp4 */; };
		3ABE66FA25738313006D7F5D /* DairyChartsView.swift in Sources */ = {isa = PBXBuildFile; fileRef = 3ABE66F925738313006D7F5D /* DairyChartsView.swift */; };
		3ACCB4D925754176000EFB99 /* WaveAnimationView.swift in Sources */ = {isa = PBXBuildFile; fileRef = 3ACCB4D825754176000EFB99 /* WaveAnimationView.swift */; };
		3ACCB4DB25754338000EFB99 /* WaveAnimationView.txt in Resources */ = {isa = PBXBuildFile; fileRef = 3ACCB4DA25754338000EFB99 /* WaveAnimationView.txt */; };
		3ACD1DE32571E9A00062B4D9 /* CodeListsView.swift in Sources */ = {isa = PBXBuildFile; fileRef = 3ACD1DE22571E9A00062B4D9 /* CodeListsView.swift */; };
		3AD2AD2A2577855900FDCFE4 /* DescriptionView.swift in Sources */ = {isa = PBXBuildFile; fileRef = 3AD2AD292577855900FDCFE4 /* DescriptionView.swift */; };
		3AD7D4A8256FC8F2006387B0 /* MainTabView.swift in Sources */ = {isa = PBXBuildFile; fileRef = 3AD7D4A7256FC8F2006387B0 /* MainTabView.swift */; };
		3AD839EF258392E9000F61BD /* OnBordingViewModel.swift in Sources */ = {isa = PBXBuildFile; fileRef = 3AD839EE258392E9000F61BD /* OnBordingViewModel.swift */; };
		3AD839F12583954C000F61BD /* HomeViewModel.swift in Sources */ = {isa = PBXBuildFile; fileRef = 3AD839F02583954C000F61BD /* HomeViewModel.swift */; };
		3ADABB2B256E8EAD00C71FE8 /* CodeModel.swift in Sources */ = {isa = PBXBuildFile; fileRef = 3ADABB2A256E8EAD00C71FE8 /* CodeModel.swift */; };
		3ADABB2D256E8F0400C71FE8 /* CodeType.swift in Sources */ = {isa = PBXBuildFile; fileRef = 3ADABB2C256E8F0400C71FE8 /* CodeType.swift */; };
		3ADABB31256E922800C71FE8 /* SourceView.swift in Sources */ = {isa = PBXBuildFile; fileRef = 3ADABB30256E922800C71FE8 /* SourceView.swift */; };
		3ADABB33256E9AC100C71FE8 /* RootView.swift in Sources */ = {isa = PBXBuildFile; fileRef = 3ADABB32256E9AC100C71FE8 /* RootView.swift */; };
		3ADABB35256E9B4000C71FE8 /* ExampleView.swift in Sources */ = {isa = PBXBuildFile; fileRef = 3ADABB34256E9B4000C71FE8 /* ExampleView.swift */; };
		3AE37B35256D3C1500AB32C8 /* HomeView.swift in Sources */ = {isa = PBXBuildFile; fileRef = 3AE37B34256D3C1500AB32C8 /* HomeView.swift */; };
		3AE3834D257B727B00468703 /* StarRatingView.swift in Sources */ = {isa = PBXBuildFile; fileRef = 3AE3834C257B727B00468703 /* StarRatingView.swift */; };
		3AE49DD92579156300DE5655 /* ColorPickerView.swift in Sources */ = {isa = PBXBuildFile; fileRef = 3AE49DD82579156300DE5655 /* ColorPickerView.swift */; };
		3AE49DDC25791AB200DE5655 /* ColorPickerView.txt in Resources */ = {isa = PBXBuildFile; fileRef = 3AE49DDB25791AB200DE5655 /* ColorPickerView.txt */; };
		3AE4D41E25738EB8001185B7 /* Dairy_ChartsView.txt in Resources */ = {isa = PBXBuildFile; fileRef = 3AE4D41D25738EB8001185B7 /* Dairy_ChartsView.txt */; };
		3AE4D4212573904B001185B7 /* DashboardView.swift in Sources */ = {isa = PBXBuildFile; fileRef = 3AE4D4202573904B001185B7 /* DashboardView.swift */; };
		3AE4D423257391F8001185B7 /* DashboardView.txt in Resources */ = {isa = PBXBuildFile; fileRef = 3AE4D422257391F8001185B7 /* DashboardView.txt */; };
		3AE6F3EE25D9533E00FBCB15 /* SwipeHeaderView.txt in Resources */ = {isa = PBXBuildFile; fileRef = 3AE6F3ED25D9533E00FBCB15 /* SwipeHeaderView.txt */; };
		3AF406372577CB2A00340555 /* RippleAnimationView.swift in Sources */ = {isa = PBXBuildFile; fileRef = 3AF406362577CB2A00340555 /* RippleAnimationView.swift */; };
		3AF4063A2577CF5E00340555 /* RippleAnimationView.txt in Resources */ = {isa = PBXBuildFile; fileRef = 3AF406392577CF5E00340555 /* RippleAnimationView.txt */; };
		3AFC2567257E5565008A186C /* TemperatureControlView.swift in Sources */ = {isa = PBXBuildFile; fileRef = 3AFC2566257E5565008A186C /* TemperatureControlView.swift */; };
		3AFC2569257E55AA008A186C /* IsometricView.txt in Resources */ = {isa = PBXBuildFile; fileRef = 3AFC2568257E55AA008A186C /* IsometricView.txt */; };
		3AFC256B257E62DE008A186C /* TemperatureControlView.txt in Resources */ = {isa = PBXBuildFile; fileRef = 3AFC256A257E62DE008A186C /* TemperatureControlView.txt */; };
/* End PBXBuildFile section */

/* Begin PBXCopyFilesBuildPhase section */
		3A57E806256D2B9D00810209 /* Embed Frameworks */ = {
			isa = PBXCopyFilesBuildPhase;
			buildActionMask = 2147483647;
			dstPath = "";
			dstSubfolderSpec = 10;
			files = (
				3A57E805256D2B9C00810209 /* CodeMirror-SwiftUI in Embed Frameworks */,
			);
			name = "Embed Frameworks";
			runOnlyForDeploymentPostprocessing = 0;
		};
/* End PBXCopyFilesBuildPhase section */

/* Begin PBXFileReference section */
		224549662844ECDB62B634E7 /* Pods-UI-Platform.debug.xcconfig */ = {isa = PBXFileReference; includeInIndex = 1; lastKnownFileType = text.xcconfig; name = "Pods-UI-Platform.debug.xcconfig"; path = "Target Support Files/Pods-UI-Platform/Pods-UI-Platform.debug.xcconfig"; sourceTree = "<group>"; };
		3A03B92E2582745700B7478E /* MenuAnimationView.swift */ = {isa = PBXFileReference; lastKnownFileType = sourcecode.swift; path = MenuAnimationView.swift; sourceTree = "<group>"; };
		3A03B93025827C2000B7478E /* MenuAnimationView.txt */ = {isa = PBXFileReference; lastKnownFileType = text; path = MenuAnimationView.txt; sourceTree = "<group>"; };
		3A230123257A4A6800D3FE60 /* CubeRotationView.swift */ = {isa = PBXFileReference; lastKnownFileType = sourcecode.swift; path = CubeRotationView.swift; sourceTree = "<group>"; };
		3A230125257A4F7300D3FE60 /* CubeRotationView.txt */ = {isa = PBXFileReference; lastKnownFileType = text; path = CubeRotationView.txt; sourceTree = "<group>"; };
		3A230128257A50F000D3FE60 /* ScrollEffect3DView.swift */ = {isa = PBXFileReference; lastKnownFileType = sourcecode.swift; path = ScrollEffect3DView.swift; sourceTree = "<group>"; };
		3A273348257FB54500236BF7 /* JoyStickView.swift */ = {isa = PBXFileReference; lastKnownFileType = sourcecode.swift; path = JoyStickView.swift; sourceTree = "<group>"; };
		3A27334A257FC47900236BF7 /* JoyStickView.txt */ = {isa = PBXFileReference; lastKnownFileType = text; path = JoyStickView.txt; sourceTree = "<group>"; };
		3A278A7225739AA7007EC881 /* LazyVgridSearch.swift */ = {isa = PBXFileReference; lastKnownFileType = sourcecode.swift; path = LazyVgridSearch.swift; sourceTree = "<group>"; };
		3A278A7425739BB9007EC881 /* VgridSearchView.txt */ = {isa = PBXFileReference; lastKnownFileType = text; path = VgridSearchView.txt; sourceTree = "<group>"; };
		3A2C5E19256FF04700A5E87D /* LoadingView.swift */ = {isa = PBXFileReference; lastKnownFileType = sourcecode.swift; path = LoadingView.swift; sourceTree = "<group>"; };
		3A35114E2580A5DB00FB3C94 /* StarAnimationView.swift */ = {isa = PBXFileReference; lastKnownFileType = sourcecode.swift; path = StarAnimationView.swift; sourceTree = "<group>"; };
		3A3511502580B32300FB3C94 /* StarAnimationView.txt */ = {isa = PBXFileReference; lastKnownFileType = text; path = StarAnimationView.txt; sourceTree = "<group>"; };
		3A3641D1257B31540079426F /* AdMob.swift */ = {isa = PBXFileReference; lastKnownFileType = sourcecode.swift; path = AdMob.swift; sourceTree = "<group>"; };
		3A48FE89257236010055BA9F /* Circular_SliderView.txt */ = {isa = PBXFileReference; lastKnownFileType = text; path = Circular_SliderView.txt; sourceTree = "<group>"; };
		3A48FE8C25723A650055BA9F /* PieChartView.swift */ = {isa = PBXFileReference; lastKnownFileType = sourcecode.swift; path = PieChartView.swift; sourceTree = "<group>"; };
		3A48FE8E25723CA60055BA9F /* PieChartView.txt */ = {isa = PBXFileReference; lastKnownFileType = text; path = PieChartView.txt; sourceTree = "<group>"; };
		3A57E7EF256D2B5D00810209 /* UI-Platform.app */ = {isa = PBXFileReference; explicitFileType = wrapper.application; includeInIndex = 0; path = "UI-Platform.app"; sourceTree = BUILT_PRODUCTS_DIR; };
		3A57E7F2256D2B5D00810209 /* UI_PlatformApp.swift */ = {isa = PBXFileReference; lastKnownFileType = sourcecode.swift; path = UI_PlatformApp.swift; sourceTree = "<group>"; };
		3A57E7F4256D2B5D00810209 /* ContentView.swift */ = {isa = PBXFileReference; lastKnownFileType = sourcecode.swift; path = ContentView.swift; sourceTree = "<group>"; };
		3A57E7F6256D2B5E00810209 /* Assets.xcassets */ = {isa = PBXFileReference; lastKnownFileType = folder.assetcatalog; path = Assets.xcassets; sourceTree = "<group>"; };
		3A57E7F9256D2B5E00810209 /* Preview Assets.xcassets */ = {isa = PBXFileReference; lastKnownFileType = folder.assetcatalog; path = "Preview Assets.xcassets"; sourceTree = "<group>"; };
		3A57E7FB256D2B5E00810209 /* Info.plist */ = {isa = PBXFileReference; lastKnownFileType = text.plist.xml; path = Info.plist; sourceTree = "<group>"; };
		3A57E80D256D2D9F00810209 /* Demo.txt */ = {isa = PBXFileReference; lastKnownFileType = text; path = Demo.txt; sourceTree = "<group>"; };
		3A67C39F2585104A00E1228B /* WaterfallLayoutView.swift */ = {isa = PBXFileReference; lastKnownFileType = sourcecode.swift; path = WaterfallLayoutView.swift; sourceTree = "<group>"; };
		3A67C3A12585182C00E1228B /* WaterfallLayoutView.txt */ = {isa = PBXFileReference; lastKnownFileType = text; path = WaterfallLayoutView.txt; sourceTree = "<group>"; };
		3A6E921B257B36F500650F21 /* secKey.swift */ = {isa = PBXFileReference; lastKnownFileType = sourcecode.swift; path = secKey.swift; sourceTree = "<group>"; };
		3A7A5D1825D6C4E100417442 /* SwipeHeaderView.swift */ = {isa = PBXFileReference; lastKnownFileType = sourcecode.swift; path = SwipeHeaderView.swift; sourceTree = "<group>"; };
		3A7B1A8D25845F8100AC4451 /* ExpandingButtonView.swift */ = {isa = PBXFileReference; lastKnownFileType = sourcecode.swift; path = ExpandingButtonView.swift; sourceTree = "<group>"; };
		3A7B1A8F2584676D00AC4451 /* ExpandingButtonView.txt */ = {isa = PBXFileReference; lastKnownFileType = text; path = ExpandingButtonView.txt; sourceTree = "<group>"; };
		3A852087257A5A3800996913 /* ScrollEffect3DView.txt */ = {isa = PBXFileReference; lastKnownFileType = text; path = ScrollEffect3DView.txt; sourceTree = "<group>"; };
		3A9CE8F925792E110066409F /* CardTypeView.swift */ = {isa = PBXFileReference; lastKnownFileType = sourcecode.swift; path = CardTypeView.swift; sourceTree = "<group>"; };
		3A9CE8FB257939F50066409F /* CardTypeView.txt */ = {isa = PBXFileReference; lastKnownFileType = text; path = CardTypeView.txt; sourceTree = "<group>"; };
		3A9FFBC625768978006D7886 /* WebSampleView.swift */ = {isa = PBXFileReference; lastKnownFileType = sourcecode.swift; path = WebSampleView.swift; sourceTree = "<group>"; };
		3A9FFBC925768C8F006D7886 /* LiquidSwipeView.swift */ = {isa = PBXFileReference; lastKnownFileType = sourcecode.swift; path = LiquidSwipeView.swift; sourceTree = "<group>"; };
		3A9FFBCB25768ED9006D7886 /* LiquidSwipeView.txt */ = {isa = PBXFileReference; lastKnownFileType = text; path = LiquidSwipeView.txt; sourceTree = "<group>"; };
		3AADB49225736779005BA1FF /* OnBoardingView.swift */ = {isa = PBXFileReference; lastKnownFileType = sourcecode.swift; path = OnBoardingView.swift; sourceTree = "<group>"; };
		3AADB49525736D53005BA1FF /* LoopMovieView.swift */ = {isa = PBXFileReference; lastKnownFileType = sourcecode.swift; path = LoopMovieView.swift; sourceTree = "<group>"; };
		3AADB49725736E3D005BA1FF /* LoopBackgroundView.swift */ = {isa = PBXFileReference; lastKnownFileType = sourcecode.swift; path = LoopBackgroundView.swift; sourceTree = "<group>"; };
		3AADB49925737165005BA1FF /* Extensions.swift */ = {isa = PBXFileReference; lastKnownFileType = sourcecode.swift; path = Extensions.swift; sourceTree = "<group>"; };
		3AAEBA2D25711A3800500142 /* AnalogClockView.swift */ = {isa = PBXFileReference; lastKnownFileType = sourcecode.swift; path = AnalogClockView.swift; sourceTree = "<group>"; };
		3AAEBA2F2571237F00500142 /* AnalogClockView.txt */ = {isa = PBXFileReference; lastKnownFileType = text; path = AnalogClockView.txt; sourceTree = "<group>"; };
		3AB331AD257C8277003409CE /* StarRatingView.txt */ = {isa = PBXFileReference; lastKnownFileType = text; path = StarRatingView.txt; sourceTree = "<group>"; };
		3AB331B0257C8700003409CE /* IsometricView.swift */ = {isa = PBXFileReference; lastKnownFileType = sourcecode.swift; path = IsometricView.swift; sourceTree = "<group>"; };
		3ABB64092572316C002E2AA6 /* Circular_SliderView.swift */ = {isa = PBXFileReference; lastKnownFileType = sourcecode.swift; path = Circular_SliderView.swift; sourceTree = "<group>"; };
		3ABE66F3257380D9006D7F5D /* code-1.mp4 */ = {isa = PBXFileReference; lastKnownFileType = file; path = "code-1.mp4"; sourceTree = "<group>"; };
		3ABE66F4257380D9006D7F5D /* code-2.mp4 */ = {isa = PBXFileReference; lastKnownFileType = file; path = "code-2.mp4"; sourceTree = "<group>"; };
		3ABE66F925738313006D7F5D /* DairyChartsView.swift */ = {isa = PBXFileReference; lastKnownFileType = sourcecode.swift; path = DairyChartsView.swift; sourceTree = "<group>"; };
		3ACCB4D825754176000EFB99 /* WaveAnimationView.swift */ = {isa = PBXFileReference; lastKnownFileType = sourcecode.swift; path = WaveAnimationView.swift; sourceTree = "<group>"; };
		3ACCB4DA25754338000EFB99 /* WaveAnimationView.txt */ = {isa = PBXFileReference; lastKnownFileType = text; path = WaveAnimationView.txt; sourceTree = "<group>"; };
		3ACD1DE22571E9A00062B4D9 /* CodeListsView.swift */ = {isa = PBXFileReference; lastKnownFileType = sourcecode.swift; path = CodeListsView.swift; sourceTree = "<group>"; };
		3AD2AD292577855900FDCFE4 /* DescriptionView.swift */ = {isa = PBXFileReference; lastKnownFileType = sourcecode.swift; path = DescriptionView.swift; sourceTree = "<group>"; };
		3AD7D4A7256FC8F2006387B0 /* MainTabView.swift */ = {isa = PBXFileReference; lastKnownFileType = sourcecode.swift; path = MainTabView.swift; sourceTree = "<group>"; };
		3AD839EE258392E9000F61BD /* OnBordingViewModel.swift */ = {isa = PBXFileReference; lastKnownFileType = sourcecode.swift; path = OnBordingViewModel.swift; sourceTree = "<group>"; };
		3AD839F02583954C000F61BD /* HomeViewModel.swift */ = {isa = PBXFileReference; lastKnownFileType = sourcecode.swift; path = HomeViewModel.swift; sourceTree = "<group>"; };
		3ADABB2A256E8EAD00C71FE8 /* CodeModel.swift */ = {isa = PBXFileReference; lastKnownFileType = sourcecode.swift; path = CodeModel.swift; sourceTree = "<group>"; };
		3ADABB2C256E8F0400C71FE8 /* CodeType.swift */ = {isa = PBXFileReference; lastKnownFileType = sourcecode.swift; path = CodeType.swift; sourceTree = "<group>"; };
		3ADABB30256E922800C71FE8 /* SourceView.swift */ = {isa = PBXFileReference; lastKnownFileType = sourcecode.swift; path = SourceView.swift; sourceTree = "<group>"; };
		3ADABB32256E9AC100C71FE8 /* RootView.swift */ = {isa = PBXFileReference; lastKnownFileType = sourcecode.swift; path = RootView.swift; sourceTree = "<group>"; };
		3ADABB34256E9B4000C71FE8 /* ExampleView.swift */ = {isa = PBXFileReference; lastKnownFileType = sourcecode.swift; path = ExampleView.swift; sourceTree = "<group>"; };
		3AE37B34256D3C1500AB32C8 /* HomeView.swift */ = {isa = PBXFileReference; lastKnownFileType = sourcecode.swift; path = HomeView.swift; sourceTree = "<group>"; };
		3AE3834C257B727B00468703 /* StarRatingView.swift */ = {isa = PBXFileReference; lastKnownFileType = sourcecode.swift; path = StarRatingView.swift; sourceTree = "<group>"; };
		3AE49DD82579156300DE5655 /* ColorPickerView.swift */ = {isa = PBXFileReference; lastKnownFileType = sourcecode.swift; path = ColorPickerView.swift; sourceTree = "<group>"; };
		3AE49DDB25791AB200DE5655 /* ColorPickerView.txt */ = {isa = PBXFileReference; lastKnownFileType = text; path = ColorPickerView.txt; sourceTree = "<group>"; };
		3AE4D41D25738EB8001185B7 /* Dairy_ChartsView.txt */ = {isa = PBXFileReference; lastKnownFileType = text; path = Dairy_ChartsView.txt; sourceTree = "<group>"; };
		3AE4D4202573904B001185B7 /* DashboardView.swift */ = {isa = PBXFileReference; lastKnownFileType = sourcecode.swift; path = DashboardView.swift; sourceTree = "<group>"; };
		3AE4D422257391F8001185B7 /* DashboardView.txt */ = {isa = PBXFileReference; lastKnownFileType = text; path = DashboardView.txt; sourceTree = "<group>"; };
		3AE6F3ED25D9533E00FBCB15 /* SwipeHeaderView.txt */ = {isa = PBXFileReference; lastKnownFileType = text; path = SwipeHeaderView.txt; sourceTree = "<group>"; };
		3AF406362577CB2A00340555 /* RippleAnimationView.swift */ = {isa = PBXFileReference; lastKnownFileType = sourcecode.swift; path = RippleAnimationView.swift; sourceTree = "<group>"; };
		3AF406392577CF5E00340555 /* RippleAnimationView.txt */ = {isa = PBXFileReference; lastKnownFileType = text; path = RippleAnimationView.txt; sourceTree = "<group>"; };
		3AFC2566257E5565008A186C /* TemperatureControlView.swift */ = {isa = PBXFileReference; lastKnownFileType = sourcecode.swift; path = TemperatureControlView.swift; sourceTree = "<group>"; };
		3AFC2568257E55AA008A186C /* IsometricView.txt */ = {isa = PBXFileReference; lastKnownFileType = text; path = IsometricView.txt; sourceTree = "<group>"; };
		3AFC256A257E62DE008A186C /* TemperatureControlView.txt */ = {isa = PBXFileReference; lastKnownFileType = text; path = TemperatureControlView.txt; sourceTree = "<group>"; };
		83474828DF4B1847BBB4430F /* Pods-UI-Platform.release.xcconfig */ = {isa = PBXFileReference; includeInIndex = 1; lastKnownFileType = text.xcconfig; name = "Pods-UI-Platform.release.xcconfig"; path = "Target Support Files/Pods-UI-Platform/Pods-UI-Platform.release.xcconfig"; sourceTree = "<group>"; };
		EA3D33AA55F40A8132802682 /* Pods_UI_Platform.framework */ = {isa = PBXFileReference; explicitFileType = wrapper.framework; includeInIndex = 0; path = Pods_UI_Platform.framework; sourceTree = BUILT_PRODUCTS_DIR; };
/* End PBXFileReference section */

/* Begin PBXFrameworksBuildPhase section */
		3A57E7EC256D2B5D00810209 /* Frameworks */ = {
			isa = PBXFrameworksBuildPhase;
			buildActionMask = 2147483647;
			files = (
				3A57E804256D2B9C00810209 /* CodeMirror-SwiftUI in Frameworks */,
				0D8EC93DAA415812C6E38CC6 /* Pods_UI_Platform.framework in Frameworks */,
			);
			runOnlyForDeploymentPostprocessing = 0;
		};
/* End PBXFrameworksBuildPhase section */

/* Begin PBXGroup section */
		3A03B92D2582744000B7478E /* MenuAnimation */ = {
			isa = PBXGroup;
			children = (
				3A03B92E2582745700B7478E /* MenuAnimationView.swift */,
				3A03B93025827C2000B7478E /* MenuAnimationView.txt */,
			);
			path = MenuAnimation;
			sourceTree = "<group>";
		};
		3A230122257A4A4600D3FE60 /* CubeRotation */ = {
			isa = PBXGroup;
			children = (
				3A230123257A4A6800D3FE60 /* CubeRotationView.swift */,
				3A230125257A4F7300D3FE60 /* CubeRotationView.txt */,
			);
			path = CubeRotation;
			sourceTree = "<group>";
		};
		3A230127257A50D600D3FE60 /* 3DScrollEffect */ = {
			isa = PBXGroup;
			children = (
				3A230128257A50F000D3FE60 /* ScrollEffect3DView.swift */,
				3A852087257A5A3800996913 /* ScrollEffect3DView.txt */,
			);
			path = 3DScrollEffect;
			sourceTree = "<group>";
		};
		3A273347257FB53000236BF7 /* Joystick */ = {
			isa = PBXGroup;
			children = (
				3A273348257FB54500236BF7 /* JoyStickView.swift */,
				3A27334A257FC47900236BF7 /* JoyStickView.txt */,
			);
			path = Joystick;
			sourceTree = "<group>";
		};
		3A278A7125739A8C007EC881 /* VgridSearch */ = {
			isa = PBXGroup;
			children = (
				3A278A7225739AA7007EC881 /* LazyVgridSearch.swift */,
				3A278A7425739BB9007EC881 /* VgridSearchView.txt */,
			);
			path = VgridSearch;
			sourceTree = "<group>";
		};
		3A2C5E18256FF03600A5E87D /* Extension */ = {
			isa = PBXGroup;
			children = (
				3A2C5E19256FF04700A5E87D /* LoadingView.swift */,
				3AADB49925737165005BA1FF /* Extensions.swift */,
				3A3641D1257B31540079426F /* AdMob.swift */,
				3A6E921B257B36F500650F21 /* secKey.swift */,
			);
			path = Extension;
			sourceTree = "<group>";
		};
		3A35114D2580A5C300FB3C94 /* StarAnimation */ = {
			isa = PBXGroup;
			children = (
				3A35114E2580A5DB00FB3C94 /* StarAnimationView.swift */,
				3A3511502580B32300FB3C94 /* StarAnimationView.txt */,
			);
			path = StarAnimation;
			sourceTree = "<group>";
		};
		3A48FE8B25723A4B0055BA9F /* PieChart */ = {
			isa = PBXGroup;
			children = (
				3A48FE8C25723A650055BA9F /* PieChartView.swift */,
				3A48FE8E25723CA60055BA9F /* PieChartView.txt */,
			);
			path = PieChart;
			sourceTree = "<group>";
		};
		3A57E7E6256D2B5D00810209 = {
			isa = PBXGroup;
			children = (
				3A57E7F1256D2B5D00810209 /* UI-Platform */,
				3A57E7F0256D2B5D00810209 /* Products */,
				AF0E8AB491FC3ABECE32F6A5 /* Pods */,
				6935AEBB5BBD90E49E36FFB7 /* Frameworks */,
			);
			sourceTree = "<group>";
		};
		3A57E7F0256D2B5D00810209 /* Products */ = {
			isa = PBXGroup;
			children = (
				3A57E7EF256D2B5D00810209 /* UI-Platform.app */,
			);
			name = Products;
			sourceTree = "<group>";
		};
		3A57E7F1256D2B5D00810209 /* UI-Platform */ = {
			isa = PBXGroup;
			children = (
				3A57E7F2256D2B5D00810209 /* UI_PlatformApp.swift */,
				3ADABB27256E8BED00C71FE8 /* Model */,
				3AD839ED258392C8000F61BD /* ViewModel */,
				3A57E807256D2BB400810209 /* View */,
				3A57E80A256D2D0600810209 /* CodeSorce */,
				3ABE66F2257380BA006D7F5D /* Movies */,
				3A2C5E18256FF03600A5E87D /* Extension */,
				3A57E7F4256D2B5D00810209 /* ContentView.swift */,
				3A57E7F6256D2B5E00810209 /* Assets.xcassets */,
				3A57E7FB256D2B5E00810209 /* Info.plist */,
				3A57E7F8256D2B5E00810209 /* Preview Content */,
			);
			path = "UI-Platform";
			sourceTree = "<group>";
		};
		3A57E7F8256D2B5E00810209 /* Preview Content */ = {
			isa = PBXGroup;
			children = (
				3A57E7F9256D2B5E00810209 /* Preview Assets.xcassets */,
			);
			path = "Preview Content";
			sourceTree = "<group>";
		};
		3A57E807256D2BB400810209 /* View */ = {
			isa = PBXGroup;
			children = (
				3AADB49225736779005BA1FF /* OnBoardingView.swift */,
				3ADABB32256E9AC100C71FE8 /* RootView.swift */,
				3AD7D4A7256FC8F2006387B0 /* MainTabView.swift */,
				3ADABB34256E9B4000C71FE8 /* ExampleView.swift */,
				3ACD1DE22571E9A00062B4D9 /* CodeListsView.swift */,
				3AD2AD292577855900FDCFE4 /* DescriptionView.swift */,
				3A9FFBC625768978006D7886 /* WebSampleView.swift */,
				3ADABB30256E922800C71FE8 /* SourceView.swift */,
				3AE37B34256D3C1500AB32C8 /* HomeView.swift */,
				3AADB49425736D29005BA1FF /* ExtensionViews */,
				3AD7D4AA256FD4B8006387B0 /* SampleViews */,
			);
			path = View;
			sourceTree = "<group>";
		};
		3A57E80A256D2D0600810209 /* CodeSorce */ = {
			isa = PBXGroup;
			children = (
				3A57E80D256D2D9F00810209 /* Demo.txt */,
			);
			path = CodeSorce;
			sourceTree = "<group>";
		};
		3A67C39E2585103200E1228B /* WaterfallLayout */ = {
			isa = PBXGroup;
			children = (
				3A67C39F2585104A00E1228B /* WaterfallLayoutView.swift */,
				3A67C3A12585182C00E1228B /* WaterfallLayoutView.txt */,
			);
			path = WaterfallLayout;
			sourceTree = "<group>";
		};
		3A7A5D1725D6C4C700417442 /* SwipeHeaderView */ = {
			isa = PBXGroup;
			children = (
				3A7A5D1825D6C4E100417442 /* SwipeHeaderView.swift */,
				3AE6F3ED25D9533E00FBCB15 /* SwipeHeaderView.txt */,
			);
			path = SwipeHeaderView;
			sourceTree = "<group>";
		};
		3A7B1A8C25845EF800AC4451 /* ExpandingButton */ = {
			isa = PBXGroup;
			children = (
				3A7B1A8D25845F8100AC4451 /* ExpandingButtonView.swift */,
				3A7B1A8F2584676D00AC4451 /* ExpandingButtonView.txt */,
			);
			path = ExpandingButton;
			sourceTree = "<group>";
		};
		3A9CE8F825792DFB0066409F /* CardType */ = {
			isa = PBXGroup;
			children = (
				3A9CE8F925792E110066409F /* CardTypeView.swift */,
				3A9CE8FB257939F50066409F /* CardTypeView.txt */,
			);
			path = CardType;
			sourceTree = "<group>";
		};
		3A9FFBC825768C69006D7886 /* LiquidSwipeView */ = {
			isa = PBXGroup;
			children = (
				3A9FFBC925768C8F006D7886 /* LiquidSwipeView.swift */,
				3A9FFBCB25768ED9006D7886 /* LiquidSwipeView.txt */,
			);
			path = LiquidSwipeView;
			sourceTree = "<group>";
		};
		3AADB49425736D29005BA1FF /* ExtensionViews */ = {
			isa = PBXGroup;
			children = (
				3AADB49725736E3D005BA1FF /* LoopBackgroundView.swift */,
				3AADB49525736D53005BA1FF /* LoopMovieView.swift */,
			);
			path = ExtensionViews;
			sourceTree = "<group>";
		};
		3AAEBA2C25711A1400500142 /* AnalogClock */ = {
			isa = PBXGroup;
			children = (
				3AAEBA2D25711A3800500142 /* AnalogClockView.swift */,
				3AAEBA2F2571237F00500142 /* AnalogClockView.txt */,
			);
			path = AnalogClock;
			sourceTree = "<group>";
		};
		3AB331AF257C86EB003409CE /* IsometicView */ = {
			isa = PBXGroup;
			children = (
				3AB331B0257C8700003409CE /* IsometricView.swift */,
				3AFC2568257E55AA008A186C /* IsometricView.txt */,
			);
			path = IsometicView;
			sourceTree = "<group>";
		};
		3ABB640B2572316E002E2AA6 /* CircularSlider */ = {
			isa = PBXGroup;
			children = (
				3ABB64092572316C002E2AA6 /* Circular_SliderView.swift */,
				3A48FE89257236010055BA9F /* Circular_SliderView.txt */,
			);
			path = CircularSlider;
			sourceTree = "<group>";
		};
		3ABE66F2257380BA006D7F5D /* Movies */ = {
			isa = PBXGroup;
			children = (
				3ABE66F3257380D9006D7F5D /* code-1.mp4 */,
				3ABE66F4257380D9006D7F5D /* code-2.mp4 */,
			);
			path = Movies;
			sourceTree = "<group>";
		};
		3ABE66F7257382DD006D7F5D /* DairyCharts */ = {
			isa = PBXGroup;
			children = (
				3ABE66F925738313006D7F5D /* DairyChartsView.swift */,
				3AE4D41D25738EB8001185B7 /* Dairy_ChartsView.txt */,
			);
			path = DairyCharts;
			sourceTree = "<group>";
		};
		3ACCB4D72575415C000EFB99 /* WaveAnimation */ = {
			isa = PBXGroup;
			children = (
				3ACCB4D825754176000EFB99 /* WaveAnimationView.swift */,
				3ACCB4DA25754338000EFB99 /* WaveAnimationView.txt */,
			);
			path = WaveAnimation;
			sourceTree = "<group>";
		};
		3AD7D4AA256FD4B8006387B0 /* SampleViews */ = {
			isa = PBXGroup;
			children = (
				3A273347257FB53000236BF7 /* Joystick */,
				3A35114D2580A5C300FB3C94 /* StarAnimation */,
				3ACCB4D72575415C000EFB99 /* WaveAnimation */,
				3AFC2565257E554E008A186C /* TemperatureControl */,
				3A03B92D2582744000B7478E /* MenuAnimation */,
				3A7B1A8C25845EF800AC4451 /* ExpandingButton */,
				3A230122257A4A4600D3FE60 /* CubeRotation */,
				3AB331AF257C86EB003409CE /* IsometicView */,
				3AE49DD72579154600DE5655 /* ColorPicker */,
				3A7A5D1725D6C4C700417442 /* SwipeHeaderView */,
				3AE3834B257B726900468703 /* StarRating */,
				3A67C39E2585103200E1228B /* WaterfallLayout */,
				3AAEBA2C25711A1400500142 /* AnalogClock */,
				3A9FFBC825768C69006D7886 /* LiquidSwipeView */,
				3A9CE8F825792DFB0066409F /* CardType */,
				3A230127257A50D600D3FE60 /* 3DScrollEffect */,
				3ABB640B2572316E002E2AA6 /* CircularSlider */,
				3AF406352577CB0900340555 /* RippleAnimation */,
				3A48FE8B25723A4B0055BA9F /* PieChart */,
				3ABE66F7257382DD006D7F5D /* DairyCharts */,
				3AE4D41F25739038001185B7 /* DashBoard */,
				3A278A7125739A8C007EC881 /* VgridSearch */,
			);
			path = SampleViews;
			sourceTree = "<group>";
		};
		3AD839ED258392C8000F61BD /* ViewModel */ = {
			isa = PBXGroup;
			children = (
				3AD839EE258392E9000F61BD /* OnBordingViewModel.swift */,
				3AD839F02583954C000F61BD /* HomeViewModel.swift */,
			);
			path = ViewModel;
			sourceTree = "<group>";
		};
		3ADABB27256E8BED00C71FE8 /* Model */ = {
			isa = PBXGroup;
			children = (
				3ADABB2A256E8EAD00C71FE8 /* CodeModel.swift */,
				3ADABB2C256E8F0400C71FE8 /* CodeType.swift */,
			);
			path = Model;
			sourceTree = "<group>";
		};
		3AE3834B257B726900468703 /* StarRating */ = {
			isa = PBXGroup;
			children = (
				3AE3834C257B727B00468703 /* StarRatingView.swift */,
				3AB331AD257C8277003409CE /* StarRatingView.txt */,
			);
			path = StarRating;
			sourceTree = "<group>";
		};
		3AE49DD72579154600DE5655 /* ColorPicker */ = {
			isa = PBXGroup;
			children = (
				3AE49DD82579156300DE5655 /* ColorPickerView.swift */,
				3AE49DDB25791AB200DE5655 /* ColorPickerView.txt */,
			);
			path = ColorPicker;
			sourceTree = "<group>";
		};
		3AE4D41F25739038001185B7 /* DashBoard */ = {
			isa = PBXGroup;
			children = (
				3AE4D4202573904B001185B7 /* DashboardView.swift */,
				3AE4D422257391F8001185B7 /* DashboardView.txt */,
			);
			path = DashBoard;
			sourceTree = "<group>";
		};
		3AF406352577CB0900340555 /* RippleAnimation */ = {
			isa = PBXGroup;
			children = (
				3AF406362577CB2A00340555 /* RippleAnimationView.swift */,
				3AF406392577CF5E00340555 /* RippleAnimationView.txt */,
			);
			path = RippleAnimation;
			sourceTree = "<group>";
		};
		3AFC2565257E554E008A186C /* TemperatureControl */ = {
			isa = PBXGroup;
			children = (
				3AFC2566257E5565008A186C /* TemperatureControlView.swift */,
				3AFC256A257E62DE008A186C /* TemperatureControlView.txt */,
			);
			path = TemperatureControl;
			sourceTree = "<group>";
		};
		6935AEBB5BBD90E49E36FFB7 /* Frameworks */ = {
			isa = PBXGroup;
			children = (
				EA3D33AA55F40A8132802682 /* Pods_UI_Platform.framework */,
			);
			name = Frameworks;
			sourceTree = "<group>";
		};
		AF0E8AB491FC3ABECE32F6A5 /* Pods */ = {
			isa = PBXGroup;
			children = (
				224549662844ECDB62B634E7 /* Pods-UI-Platform.debug.xcconfig */,
				83474828DF4B1847BBB4430F /* Pods-UI-Platform.release.xcconfig */,
			);
			path = Pods;
			sourceTree = "<group>";
		};
/* End PBXGroup section */

/* Begin PBXNativeTarget section */
		3A57E7EE256D2B5D00810209 /* UI-Platform */ = {
			isa = PBXNativeTarget;
			buildConfigurationList = 3A57E7FE256D2B5E00810209 /* Build configuration list for PBXNativeTarget "UI-Platform" */;
			buildPhases = (
				34EAD8F143DCD8B176BB6FD1 /* [CP] Check Pods Manifest.lock */,
				3A57E7EB256D2B5D00810209 /* Sources */,
				3A57E7EC256D2B5D00810209 /* Frameworks */,
				3A57E7ED256D2B5D00810209 /* Resources */,
				3A57E806256D2B9D00810209 /* Embed Frameworks */,
				6A32A06DBE40250E86353967 /* [CP] Embed Pods Frameworks */,
			);
			buildRules = (
			);
			dependencies = (
			);
			name = "UI-Platform";
			packageProductDependencies = (
				3A57E803256D2B9C00810209 /* CodeMirror-SwiftUI */,
			);
			productName = "UI-Platform";
			productReference = 3A57E7EF256D2B5D00810209 /* UI-Platform.app */;
			productType = "com.apple.product-type.application";
		};
/* End PBXNativeTarget section */

/* Begin PBXProject section */
		3A57E7E7256D2B5D00810209 /* Project object */ = {
			isa = PBXProject;
			attributes = {
				LastSwiftUpdateCheck = 1220;
				LastUpgradeCheck = 1220;
				TargetAttributes = {
					3A57E7EE256D2B5D00810209 = {
						CreatedOnToolsVersion = 12.2;
					};
				};
			};
			buildConfigurationList = 3A57E7EA256D2B5D00810209 /* Build configuration list for PBXProject "UI-Platform" */;
			compatibilityVersion = "Xcode 9.3";
			developmentRegion = en;
			hasScannedForEncodings = 0;
			knownRegions = (
				en,
				Base,
			);
			mainGroup = 3A57E7E6256D2B5D00810209;
			packageReferences = (
				3A57E802256D2B9C00810209 /* XCRemoteSwiftPackageReference "CodeMirror-SwiftUI" */,
			);
			productRefGroup = 3A57E7F0256D2B5D00810209 /* Products */;
			projectDirPath = "";
			projectRoot = "";
			targets = (
				3A57E7EE256D2B5D00810209 /* UI-Platform */,
			);
		};
/* End PBXProject section */

/* Begin PBXResourcesBuildPhase section */
		3A57E7ED256D2B5D00810209 /* Resources */ = {
			isa = PBXResourcesBuildPhase;
			buildActionMask = 2147483647;
			files = (
				3ABE66F525738109006D7F5D /* code-1.mp4 in Resources */,
				3AE49DDC25791AB200DE5655 /* ColorPickerView.txt in Resources */,
				3ABE66F625738109006D7F5D /* code-2.mp4 in Resources */,
				3A03B93125827C2000B7478E /* MenuAnimationView.txt in Resources */,
				3AE4D423257391F8001185B7 /* DashboardView.txt in Resources */,
				3AFC256B257E62DE008A186C /* TemperatureControlView.txt in Resources */,
				3A3511512580B32300FB3C94 /* StarAnimationView.txt in Resources */,
				3AE6F3EE25D9533E00FBCB15 /* SwipeHeaderView.txt in Resources */,
				3A7B1A902584676D00AC4451 /* ExpandingButtonView.txt in Resources */,
				3A27334B257FC47900236BF7 /* JoyStickView.txt in Resources */,
				3AE4D41E25738EB8001185B7 /* Dairy_ChartsView.txt in Resources */,
				3AFC2569257E55AA008A186C /* IsometricView.txt in Resources */,
				3A230126257A4F7300D3FE60 /* CubeRotationView.txt in Resources */,
				3ACCB4DB25754338000EFB99 /* WaveAnimationView.txt in Resources */,
				3A48FE8F25723CA60055BA9F /* PieChartView.txt in Resources */,
				3A852088257A5A3800996913 /* ScrollEffect3DView.txt in Resources */,
				3A57E7FA256D2B5E00810209 /* Preview Assets.xcassets in Resources */,
				3A9CE8FC257939F50066409F /* CardTypeView.txt in Resources */,
				3A57E7F7256D2B5E00810209 /* Assets.xcassets in Resources */,
				3AAEBA302571237F00500142 /* AnalogClockView.txt in Resources */,
				3A9FFBCC25768ED9006D7886 /* LiquidSwipeView.txt in Resources */,
				3AF4063A2577CF5E00340555 /* RippleAnimationView.txt in Resources */,
				3A278A7525739BB9007EC881 /* VgridSearchView.txt in Resources */,
				3A67C3A22585182C00E1228B /* WaterfallLayoutView.txt in Resources */,
				3A48FE8A257236010055BA9F /* Circular_SliderView.txt in Resources */,
				3A57E80E256D2D9F00810209 /* Demo.txt in Resources */,
				3AB331AE257C8277003409CE /* StarRatingView.txt in Resources */,
			);
			runOnlyForDeploymentPostprocessing = 0;
		};
/* End PBXResourcesBuildPhase section */

/* Begin PBXShellScriptBuildPhase section */
		34EAD8F143DCD8B176BB6FD1 /* [CP] Check Pods Manifest.lock */ = {
			isa = PBXShellScriptBuildPhase;
			buildActionMask = 2147483647;
			files = (
			);
			inputFileListPaths = (
			);
			inputPaths = (
				"${PODS_PODFILE_DIR_PATH}/Podfile.lock",
				"${PODS_ROOT}/Manifest.lock",
			);
			name = "[CP] Check Pods Manifest.lock";
			outputFileListPaths = (
			);
			outputPaths = (
				"$(DERIVED_FILE_DIR)/Pods-UI-Platform-checkManifestLockResult.txt",
			);
			runOnlyForDeploymentPostprocessing = 0;
			shellPath = /bin/sh;
			shellScript = "diff \"${PODS_PODFILE_DIR_PATH}/Podfile.lock\" \"${PODS_ROOT}/Manifest.lock\" > /dev/null\nif [ $? != 0 ] ; then\n    # print error to STDERR\n    echo \"error: The sandbox is not in sync with the Podfile.lock. Run 'pod install' or update your CocoaPods installation.\" >&2\n    exit 1\nfi\n# This output is used by Xcode 'outputs' to avoid re-running this script phase.\necho \"SUCCESS\" > \"${SCRIPT_OUTPUT_FILE_0}\"\n";
			showEnvVarsInLog = 0;
		};
		6A32A06DBE40250E86353967 /* [CP] Embed Pods Frameworks */ = {
			isa = PBXShellScriptBuildPhase;
			buildActionMask = 2147483647;
			files = (
			);
			inputFileListPaths = (
				"${PODS_ROOT}/Target Support Files/Pods-UI-Platform/Pods-UI-Platform-frameworks-${CONFIGURATION}-input-files.xcfilelist",
			);
			name = "[CP] Embed Pods Frameworks";
			outputFileListPaths = (
				"${PODS_ROOT}/Target Support Files/Pods-UI-Platform/Pods-UI-Platform-frameworks-${CONFIGURATION}-output-files.xcfilelist",
			);
			runOnlyForDeploymentPostprocessing = 0;
			shellPath = /bin/sh;
			shellScript = "\"${PODS_ROOT}/Target Support Files/Pods-UI-Platform/Pods-UI-Platform-frameworks.sh\"\n";
			showEnvVarsInLog = 0;
		};
/* End PBXShellScriptBuildPhase section */

/* Begin PBXSourcesBuildPhase section */
		3A57E7EB256D2B5D00810209 /* Sources */ = {
			isa = PBXSourcesBuildPhase;
			buildActionMask = 2147483647;
			files = (
				3ACCB4D925754176000EFB99 /* WaveAnimationView.swift in Sources */,
				3ABB640A2572316C002E2AA6 /* Circular_SliderView.swift in Sources */,
				3ABE66FA25738313006D7F5D /* DairyChartsView.swift in Sources */,
				3AD839F12583954C000F61BD /* HomeViewModel.swift in Sources */,
				3AAEBA2E25711A3800500142 /* AnalogClockView.swift in Sources */,
				3ADABB33256E9AC100C71FE8 /* RootView.swift in Sources */,
				3A9FFBCA25768C8F006D7886 /* LiquidSwipeView.swift in Sources */,
				3AD7D4A8256FC8F2006387B0 /* MainTabView.swift in Sources */,
				3AADB49825736E3D005BA1FF /* LoopBackgroundView.swift in Sources */,
				3A67C3A02585104A00E1228B /* WaterfallLayoutView.swift in Sources */,
				3AD839EF258392E9000F61BD /* OnBordingViewModel.swift in Sources */,
				3A273349257FB54500236BF7 /* JoyStickView.swift in Sources */,
				3A3641D2257B31540079426F /* AdMob.swift in Sources */,
				3A7A5D1925D6C4E100417442 /* SwipeHeaderView.swift in Sources */,
				3ADABB31256E922800C71FE8 /* SourceView.swift in Sources */,
				3ADABB2B256E8EAD00C71FE8 /* CodeModel.swift in Sources */,
				3AE49DD92579156300DE5655 /* ColorPickerView.swift in Sources */,
				3A2C5E1A256FF04700A5E87D /* LoadingView.swift in Sources */,
				3AD2AD2A2577855900FDCFE4 /* DescriptionView.swift in Sources */,
				3A48FE8D25723A650055BA9F /* PieChartView.swift in Sources */,
				3A278A7325739AA7007EC881 /* LazyVgridSearch.swift in Sources */,
				3AB331B1257C8700003409CE /* IsometricView.swift in Sources */,
				3AE3834D257B727B00468703 /* StarRatingView.swift in Sources */,
				3A230124257A4A6800D3FE60 /* CubeRotationView.swift in Sources */,
				3A9CE8FA25792E110066409F /* CardTypeView.swift in Sources */,
				3AF406372577CB2A00340555 /* RippleAnimationView.swift in Sources */,
				3AADB49325736779005BA1FF /* OnBoardingView.swift in Sources */,
				3A9FFBC725768978006D7886 /* WebSampleView.swift in Sources */,
				3AE37B35256D3C1500AB32C8 /* HomeView.swift in Sources */,
				3ADABB35256E9B4000C71FE8 /* ExampleView.swift in Sources */,
				3A57E7F5256D2B5D00810209 /* ContentView.swift in Sources */,
				3AFC2567257E5565008A186C /* TemperatureControlView.swift in Sources */,
				3A230129257A50F000D3FE60 /* ScrollEffect3DView.swift in Sources */,
				3AADB49625736D53005BA1FF /* LoopMovieView.swift in Sources */,
				3A03B92F2582745700B7478E /* MenuAnimationView.swift in Sources */,
				3AADB49A25737165005BA1FF /* Extensions.swift in Sources */,
				3A7B1A8E25845F8100AC4451 /* ExpandingButtonView.swift in Sources */,
				3A35114F2580A5DB00FB3C94 /* StarAnimationView.swift in Sources */,
				3AE4D4212573904B001185B7 /* DashboardView.swift in Sources */,
				3ADABB2D256E8F0400C71FE8 /* CodeType.swift in Sources */,
				3ACD1DE32571E9A00062B4D9 /* CodeListsView.swift in Sources */,
				3A57E7F3256D2B5D00810209 /* UI_PlatformApp.swift in Sources */,
				3A6E921C257B36F500650F21 /* secKey.swift in Sources */,
			);
			runOnlyForDeploymentPostprocessing = 0;
		};
/* End PBXSourcesBuildPhase section */

/* Begin XCBuildConfiguration section */
		3A57E7FC256D2B5E00810209 /* Debug */ = {
			isa = XCBuildConfiguration;
			buildSettings = {
				ALWAYS_SEARCH_USER_PATHS = NO;
				CLANG_ANALYZER_NONNULL = YES;
				CLANG_ANALYZER_NUMBER_OBJECT_CONVERSION = YES_AGGRESSIVE;
				CLANG_CXX_LANGUAGE_STANDARD = "gnu++14";
				CLANG_CXX_LIBRARY = "libc++";
				CLANG_ENABLE_MODULES = YES;
				CLANG_ENABLE_OBJC_ARC = YES;
				CLANG_ENABLE_OBJC_WEAK = YES;
				CLANG_WARN_BLOCK_CAPTURE_AUTORELEASING = YES;
				CLANG_WARN_BOOL_CONVERSION = YES;
				CLANG_WARN_COMMA = YES;
				CLANG_WARN_CONSTANT_CONVERSION = YES;
				CLANG_WARN_DEPRECATED_OBJC_IMPLEMENTATIONS = YES;
				CLANG_WARN_DIRECT_OBJC_ISA_USAGE = YES_ERROR;
				CLANG_WARN_DOCUMENTATION_COMMENTS = YES;
				CLANG_WARN_EMPTY_BODY = YES;
				CLANG_WARN_ENUM_CONVERSION = YES;
				CLANG_WARN_INFINITE_RECURSION = YES;
				CLANG_WARN_INT_CONVERSION = YES;
				CLANG_WARN_NON_LITERAL_NULL_CONVERSION = YES;
				CLANG_WARN_OBJC_IMPLICIT_RETAIN_SELF = YES;
				CLANG_WARN_OBJC_LITERAL_CONVERSION = YES;
				CLANG_WARN_OBJC_ROOT_CLASS = YES_ERROR;
				CLANG_WARN_QUOTED_INCLUDE_IN_FRAMEWORK_HEADER = YES;
				CLANG_WARN_RANGE_LOOP_ANALYSIS = YES;
				CLANG_WARN_STRICT_PROTOTYPES = YES;
				CLANG_WARN_SUSPICIOUS_MOVE = YES;
				CLANG_WARN_UNGUARDED_AVAILABILITY = YES_AGGRESSIVE;
				CLANG_WARN_UNREACHABLE_CODE = YES;
				CLANG_WARN__DUPLICATE_METHOD_MATCH = YES;
				COPY_PHASE_STRIP = NO;
				DEBUG_INFORMATION_FORMAT = dwarf;
				ENABLE_STRICT_OBJC_MSGSEND = YES;
				ENABLE_TESTABILITY = YES;
				GCC_C_LANGUAGE_STANDARD = gnu11;
				GCC_DYNAMIC_NO_PIC = NO;
				GCC_NO_COMMON_BLOCKS = YES;
				GCC_OPTIMIZATION_LEVEL = 0;
				GCC_PREPROCESSOR_DEFINITIONS = (
					"DEBUG=1",
					"$(inherited)",
				);
				GCC_WARN_64_TO_32_BIT_CONVERSION = YES;
				GCC_WARN_ABOUT_RETURN_TYPE = YES_ERROR;
				GCC_WARN_UNDECLARED_SELECTOR = YES;
				GCC_WARN_UNINITIALIZED_AUTOS = YES_AGGRESSIVE;
				GCC_WARN_UNUSED_FUNCTION = YES;
				GCC_WARN_UNUSED_VARIABLE = YES;
				IPHONEOS_DEPLOYMENT_TARGET = 14.2;
				MTL_ENABLE_DEBUG_INFO = INCLUDE_SOURCE;
				MTL_FAST_MATH = YES;
				ONLY_ACTIVE_ARCH = YES;
				SDKROOT = iphoneos;
				SWIFT_ACTIVE_COMPILATION_CONDITIONS = DEBUG;
				SWIFT_OPTIMIZATION_LEVEL = "-Onone";
			};
			name = Debug;
		};
		3A57E7FD256D2B5E00810209 /* Release */ = {
			isa = XCBuildConfiguration;
			buildSettings = {
				ALWAYS_SEARCH_USER_PATHS = NO;
				CLANG_ANALYZER_NONNULL = YES;
				CLANG_ANALYZER_NUMBER_OBJECT_CONVERSION = YES_AGGRESSIVE;
				CLANG_CXX_LANGUAGE_STANDARD = "gnu++14";
				CLANG_CXX_LIBRARY = "libc++";
				CLANG_ENABLE_MODULES = YES;
				CLANG_ENABLE_OBJC_ARC = YES;
				CLANG_ENABLE_OBJC_WEAK = YES;
				CLANG_WARN_BLOCK_CAPTURE_AUTORELEASING = YES;
				CLANG_WARN_BOOL_CONVERSION = YES;
				CLANG_WARN_COMMA = YES;
				CLANG_WARN_CONSTANT_CONVERSION = YES;
				CLANG_WARN_DEPRECATED_OBJC_IMPLEMENTATIONS = YES;
				CLANG_WARN_DIRECT_OBJC_ISA_USAGE = YES_ERROR;
				CLANG_WARN_DOCUMENTATION_COMMENTS = YES;
				CLANG_WARN_EMPTY_BODY = YES;
				CLANG_WARN_ENUM_CONVERSION = YES;
				CLANG_WARN_INFINITE_RECURSION = YES;
				CLANG_WARN_INT_CONVERSION = YES;
				CLANG_WARN_NON_LITERAL_NULL_CONVERSION = YES;
				CLANG_WARN_OBJC_IMPLICIT_RETAIN_SELF = YES;
				CLANG_WARN_OBJC_LITERAL_CONVERSION = YES;
				CLANG_WARN_OBJC_ROOT_CLASS = YES_ERROR;
				CLANG_WARN_QUOTED_INCLUDE_IN_FRAMEWORK_HEADER = YES;
				CLANG_WARN_RANGE_LOOP_ANALYSIS = YES;
				CLANG_WARN_STRICT_PROTOTYPES = YES;
				CLANG_WARN_SUSPICIOUS_MOVE = YES;
				CLANG_WARN_UNGUARDED_AVAILABILITY = YES_AGGRESSIVE;
				CLANG_WARN_UNREACHABLE_CODE = YES;
				CLANG_WARN__DUPLICATE_METHOD_MATCH = YES;
				COPY_PHASE_STRIP = NO;
				DEBUG_INFORMATION_FORMAT = "dwarf-with-dsym";
				ENABLE_NS_ASSERTIONS = NO;
				ENABLE_STRICT_OBJC_MSGSEND = YES;
				GCC_C_LANGUAGE_STANDARD = gnu11;
				GCC_NO_COMMON_BLOCKS = YES;
				GCC_WARN_64_TO_32_BIT_CONVERSION = YES;
				GCC_WARN_ABOUT_RETURN_TYPE = YES_ERROR;
				GCC_WARN_UNDECLARED_SELECTOR = YES;
				GCC_WARN_UNINITIALIZED_AUTOS = YES_AGGRESSIVE;
				GCC_WARN_UNUSED_FUNCTION = YES;
				GCC_WARN_UNUSED_VARIABLE = YES;
				IPHONEOS_DEPLOYMENT_TARGET = 14.2;
				MTL_ENABLE_DEBUG_INFO = NO;
				MTL_FAST_MATH = YES;
				SDKROOT = iphoneos;
				SWIFT_COMPILATION_MODE = wholemodule;
				SWIFT_OPTIMIZATION_LEVEL = "-O";
				VALIDATE_PRODUCT = YES;
			};
			name = Release;
		};
		3A57E7FF256D2B5E00810209 /* Debug */ = {
			isa = XCBuildConfiguration;
			baseConfigurationReference = 224549662844ECDB62B634E7 /* Pods-UI-Platform.debug.xcconfig */;
			buildSettings = {
				ASSETCATALOG_COMPILER_APPICON_NAME = AppIcon;
				ASSETCATALOG_COMPILER_GLOBAL_ACCENT_COLOR_NAME = AccentColor;
				CODE_SIGN_STYLE = Automatic;
				DEVELOPMENT_ASSET_PATHS = "\"UI-Platform/Preview Content\"";
				DEVELOPMENT_TEAM = 4KJFNVZ8R6;
				ENABLE_PREVIEWS = YES;
				INFOPLIST_FILE = "UI-Platform/Info.plist";
				IPHONEOS_DEPLOYMENT_TARGET = 14.0;
				LD_RUNPATH_SEARCH_PATHS = (
					"$(inherited)",
					"@executable_path/Frameworks",
				);
				PRODUCT_BUNDLE_IDENTIFIER = "com.yuukisakai.UI-Platform";
				PRODUCT_NAME = "$(TARGET_NAME)";
				SWIFT_VERSION = 5.0;
				TARGETED_DEVICE_FAMILY = 1;
			};
			name = Debug;
		};
		3A57E800256D2B5E00810209 /* Release */ = {
			isa = XCBuildConfiguration;
			baseConfigurationReference = 83474828DF4B1847BBB4430F /* Pods-UI-Platform.release.xcconfig */;
			buildSettings = {
				ASSETCATALOG_COMPILER_APPICON_NAME = AppIcon;
				ASSETCATALOG_COMPILER_GLOBAL_ACCENT_COLOR_NAME = AccentColor;
				CODE_SIGN_STYLE = Automatic;
				DEVELOPMENT_ASSET_PATHS = "\"UI-Platform/Preview Content\"";
				DEVELOPMENT_TEAM = 4KJFNVZ8R6;
				ENABLE_PREVIEWS = YES;
				INFOPLIST_FILE = "UI-Platform/Info.plist";
				IPHONEOS_DEPLOYMENT_TARGET = 14.0;
				LD_RUNPATH_SEARCH_PATHS = (
					"$(inherited)",
					"@executable_path/Frameworks",
				);
				PRODUCT_BUNDLE_IDENTIFIER = "com.yuukisakai.UI-Platform";
				PRODUCT_NAME = "$(TARGET_NAME)";
				SWIFT_VERSION = 5.0;
				TARGETED_DEVICE_FAMILY = 1;
			};
			name = Release;
		};
/* End XCBuildConfiguration section */

/* Begin XCConfigurationList section */
		3A57E7EA256D2B5D00810209 /* Build configuration list for PBXProject "UI-Platform" */ = {
			isa = XCConfigurationList;
			buildConfigurations = (
				3A57E7FC256D2B5E00810209 /* Debug */,
				3A57E7FD256D2B5E00810209 /* Release */,
			);
			defaultConfigurationIsVisible = 0;
			defaultConfigurationName = Release;
		};
		3A57E7FE256D2B5E00810209 /* Build configuration list for PBXNativeTarget "UI-Platform" */ = {
			isa = XCConfigurationList;
			buildConfigurations = (
				3A57E7FF256D2B5E00810209 /* Debug */,
				3A57E800256D2B5E00810209 /* Release */,
			);
			defaultConfigurationIsVisible = 0;
			defaultConfigurationName = Release;
		};
/* End XCConfigurationList section */

/* Begin XCRemoteSwiftPackageReference section */
		3A57E802256D2B9C00810209 /* XCRemoteSwiftPackageReference "CodeMirror-SwiftUI" */ = {
			isa = XCRemoteSwiftPackageReference;
			repositoryURL = "https://github.com/Pictarine/CodeMirror-SwiftUI";
			requirement = {
				kind = upToNextMajorVersion;
				minimumVersion = 0.1.5;
			};
		};
/* End XCRemoteSwiftPackageReference section */

/* Begin XCSwiftPackageProductDependency section */
		3A57E803256D2B9C00810209 /* CodeMirror-SwiftUI */ = {
			isa = XCSwiftPackageProductDependency;
			package = 3A57E802256D2B9C00810209 /* XCRemoteSwiftPackageReference "CodeMirror-SwiftUI" */;
			productName = "CodeMirror-SwiftUI";
		};
/* End XCSwiftPackageProductDependency section */
	};
	rootObject = 3A57E7E7256D2B5D00810209 /* Project object */;
}
