// !$*UTF8*$!
{
	archiveVersion = 1;
	classes = {
	};
	objectVersion = 52;
	objects = {

/* Begin PBXBuildFile section */
		3A57E7F3256D2B5D00810209 /* UI_PlatformApp.swift in Sources */ = {isa = PBXBuildFile; fileRef = 3A57E7F2256D2B5D00810209 /* UI_PlatformApp.swift */; };
		3A57E7F5256D2B5D00810209 /* ContentView.swift in Sources */ = {isa = PBXBuildFile; fileRef = 3A57E7F4256D2B5D00810209 /* ContentView.swift */; };
		3A57E7F7256D2B5E00810209 /* Assets.xcassets in Resources */ = {isa = PBXBuildFile; fileRef = 3A57E7F6256D2B5E00810209 /* Assets.xcassets */; };
		3A57E7FA256D2B5E00810209 /* Preview Assets.xcassets in Resources */ = {isa = PBXBuildFile; fileRef = 3A57E7F9256D2B5E00810209 /* Preview Assets.xcassets */; };
		3A57E804256D2B9C00810209 /* CodeMirror-SwiftUI in Frameworks */ = {isa = PBXBuildFile; productRef = 3A57E803256D2B9C00810209 /* CodeMirror-SwiftUI */; };
		3A57E805256D2B9C00810209 /* CodeMirror-SwiftUI in Embed Frameworks */ = {isa = PBXBuildFile; productRef = 3A57E803256D2B9C00810209 /* CodeMirror-SwiftUI */; settings = {ATTRIBUTES = (CodeSignOnCopy, ); }; };
		3A57E809256D2BC000810209 /* SampleView.swift in Sources */ = {isa = PBXBuildFile; fileRef = 3A57E808256D2BC000810209 /* SampleView.swift */; };
		3A57E80E256D2D9F00810209 /* Demo.txt in Resources */ = {isa = PBXBuildFile; fileRef = 3A57E80D256D2D9F00810209 /* Demo.txt */; };
		3ADABB2B256E8EAD00C71FE8 /* CodeModel.swift in Sources */ = {isa = PBXBuildFile; fileRef = 3ADABB2A256E8EAD00C71FE8 /* CodeModel.swift */; };
		3ADABB2D256E8F0400C71FE8 /* CodeType.swift in Sources */ = {isa = PBXBuildFile; fileRef = 3ADABB2C256E8F0400C71FE8 /* CodeType.swift */; };
		3ADABB31256E922800C71FE8 /* SourceView.swift in Sources */ = {isa = PBXBuildFile; fileRef = 3ADABB30256E922800C71FE8 /* SourceView.swift */; };
		3AE37B35256D3C1500AB32C8 /* HomeView.swift in Sources */ = {isa = PBXBuildFile; fileRef = 3AE37B34256D3C1500AB32C8 /* HomeView.swift */; };
/* End PBXBuildFile section */

/* Begin PBXCopyFilesBuildPhase section */
		3A57E806256D2B9D00810209 /* Embed Frameworks */ = {
			isa = PBXCopyFilesBuildPhase;
			buildActionMask = 2147483647;
			dstPath = "";
			dstSubfolderSpec = 10;
			files = (
				3A57E805256D2B9C00810209 /* CodeMirror-SwiftUI in Embed Frameworks */,
			);
			name = "Embed Frameworks";
			runOnlyForDeploymentPostprocessing = 0;
		};
/* End PBXCopyFilesBuildPhase section */

/* Begin PBXFileReference section */
		3A57E7EF256D2B5D00810209 /* UI-Platform.app */ = {isa = PBXFileReference; explicitFileType = wrapper.application; includeInIndex = 0; path = "UI-Platform.app"; sourceTree = BUILT_PRODUCTS_DIR; };
		3A57E7F2256D2B5D00810209 /* UI_PlatformApp.swift */ = {isa = PBXFileReference; lastKnownFileType = sourcecode.swift; path = UI_PlatformApp.swift; sourceTree = "<group>"; };
		3A57E7F4256D2B5D00810209 /* ContentView.swift */ = {isa = PBXFileReference; lastKnownFileType = sourcecode.swift; path = ContentView.swift; sourceTree = "<group>"; };
		3A57E7F6256D2B5E00810209 /* Assets.xcassets */ = {isa = PBXFileReference; lastKnownFileType = folder.assetcatalog; path = Assets.xcassets; sourceTree = "<group>"; };
		3A57E7F9256D2B5E00810209 /* Preview Assets.xcassets */ = {isa = PBXFileReference; lastKnownFileType = folder.assetcatalog; path = "Preview Assets.xcassets"; sourceTree = "<group>"; };
		3A57E7FB256D2B5E00810209 /* Info.plist */ = {isa = PBXFileReference; lastKnownFileType = text.plist.xml; path = Info.plist; sourceTree = "<group>"; };
		3A57E808256D2BC000810209 /* SampleView.swift */ = {isa = PBXFileReference; lastKnownFileType = sourcecode.swift; path = SampleView.swift; sourceTree = "<group>"; };
		3A57E80D256D2D9F00810209 /* Demo.txt */ = {isa = PBXFileReference; lastKnownFileType = text; path = Demo.txt; sourceTree = "<group>"; };
		3ADABB2A256E8EAD00C71FE8 /* CodeModel.swift */ = {isa = PBXFileReference; lastKnownFileType = sourcecode.swift; path = CodeModel.swift; sourceTree = "<group>"; };
		3ADABB2C256E8F0400C71FE8 /* CodeType.swift */ = {isa = PBXFileReference; lastKnownFileType = sourcecode.swift; path = CodeType.swift; sourceTree = "<group>"; };
		3ADABB30256E922800C71FE8 /* SourceView.swift */ = {isa = PBXFileReference; lastKnownFileType = sourcecode.swift; path = SourceView.swift; sourceTree = "<group>"; };
		3AE37B34256D3C1500AB32C8 /* HomeView.swift */ = {isa = PBXFileReference; lastKnownFileType = sourcecode.swift; path = HomeView.swift; sourceTree = "<group>"; };
/* End PBXFileReference section */

/* Begin PBXFrameworksBuildPhase section */
		3A57E7EC256D2B5D00810209 /* Frameworks */ = {
			isa = PBXFrameworksBuildPhase;
			buildActionMask = 2147483647;
			files = (
				3A57E804256D2B9C00810209 /* CodeMirror-SwiftUI in Frameworks */,
			);
			runOnlyForDeploymentPostprocessing = 0;
		};
/* End PBXFrameworksBuildPhase section */

/* Begin PBXGroup section */
		3A57E7E6256D2B5D00810209 = {
			isa = PBXGroup;
			children = (
				3A57E7F1256D2B5D00810209 /* UI-Platform */,
				3A57E7F0256D2B5D00810209 /* Products */,
			);
			sourceTree = "<group>";
		};
		3A57E7F0256D2B5D00810209 /* Products */ = {
			isa = PBXGroup;
			children = (
				3A57E7EF256D2B5D00810209 /* UI-Platform.app */,
			);
			name = Products;
			sourceTree = "<group>";
		};
		3A57E7F1256D2B5D00810209 /* UI-Platform */ = {
			isa = PBXGroup;
			children = (
				3A57E7F2256D2B5D00810209 /* UI_PlatformApp.swift */,
				3ADABB27256E8BED00C71FE8 /* Model */,
				3A57E807256D2BB400810209 /* View */,
				3A57E80A256D2D0600810209 /* CodeSorce */,
				3A57E7F4256D2B5D00810209 /* ContentView.swift */,
				3A57E7F6256D2B5E00810209 /* Assets.xcassets */,
				3A57E7FB256D2B5E00810209 /* Info.plist */,
				3A57E7F8256D2B5E00810209 /* Preview Content */,
			);
			path = "UI-Platform";
			sourceTree = "<group>";
		};
		3A57E7F8256D2B5E00810209 /* Preview Content */ = {
			isa = PBXGroup;
			children = (
				3A57E7F9256D2B5E00810209 /* Preview Assets.xcassets */,
			);
			path = "Preview Content";
			sourceTree = "<group>";
		};
		3A57E807256D2BB400810209 /* View */ = {
			isa = PBXGroup;
			children = (
				3AE37B34256D3C1500AB32C8 /* HomeView.swift */,
				3ADABB30256E922800C71FE8 /* SourceView.swift */,
				3A57E808256D2BC000810209 /* SampleView.swift */,
			);
			path = View;
			sourceTree = "<group>";
		};
		3A57E80A256D2D0600810209 /* CodeSorce */ = {
			isa = PBXGroup;
			children = (
				3A57E80D256D2D9F00810209 /* Demo.txt */,
			);
			path = CodeSorce;
			sourceTree = "<group>";
		};
		3ADABB27256E8BED00C71FE8 /* Model */ = {
			isa = PBXGroup;
			children = (
				3ADABB2A256E8EAD00C71FE8 /* CodeModel.swift */,
				3ADABB2C256E8F0400C71FE8 /* CodeType.swift */,
			);
			path = Model;
			sourceTree = "<group>";
		};
/* End PBXGroup section */

/* Begin PBXNativeTarget section */
		3A57E7EE256D2B5D00810209 /* UI-Platform */ = {
			isa = PBXNativeTarget;
			buildConfigurationList = 3A57E7FE256D2B5E00810209 /* Build configuration list for PBXNativeTarget "UI-Platform" */;
			buildPhases = (
				3A57E7EB256D2B5D00810209 /* Sources */,
				3A57E7EC256D2B5D00810209 /* Frameworks */,
				3A57E7ED256D2B5D00810209 /* Resources */,
				3A57E806256D2B9D00810209 /* Embed Frameworks */,
			);
			buildRules = (
			);
			dependencies = (
			);
			name = "UI-Platform";
			packageProductDependencies = (
				3A57E803256D2B9C00810209 /* CodeMirror-SwiftUI */,
			);
			productName = "UI-Platform";
			productReference = 3A57E7EF256D2B5D00810209 /* UI-Platform.app */;
			productType = "com.apple.product-type.application";
		};
/* End PBXNativeTarget section */

/* Begin PBXProject section */
		3A57E7E7256D2B5D00810209 /* Project object */ = {
			isa = PBXProject;
			attributes = {
				LastSwiftUpdateCheck = 1220;
				LastUpgradeCheck = 1220;
				TargetAttributes = {
					3A57E7EE256D2B5D00810209 = {
						CreatedOnToolsVersion = 12.2;
					};
				};
			};
			buildConfigurationList = 3A57E7EA256D2B5D00810209 /* Build configuration list for PBXProject "UI-Platform" */;
			compatibilityVersion = "Xcode 9.3";
			developmentRegion = en;
			hasScannedForEncodings = 0;
			knownRegions = (
				en,
				Base,
			);
			mainGroup = 3A57E7E6256D2B5D00810209;
			packageReferences = (
				3A57E802256D2B9C00810209 /* XCRemoteSwiftPackageReference "CodeMirror-SwiftUI" */,
			);
			productRefGroup = 3A57E7F0256D2B5D00810209 /* Products */;
			projectDirPath = "";
			projectRoot = "";
			targets = (
				3A57E7EE256D2B5D00810209 /* UI-Platform */,
			);
		};
/* End PBXProject section */

/* Begin PBXResourcesBuildPhase section */
		3A57E7ED256D2B5D00810209 /* Resources */ = {
			isa = PBXResourcesBuildPhase;
			buildActionMask = 2147483647;
			files = (
				3A57E7FA256D2B5E00810209 /* Preview Assets.xcassets in Resources */,
				3A57E7F7256D2B5E00810209 /* Assets.xcassets in Resources */,
				3A57E80E256D2D9F00810209 /* Demo.txt in Resources */,
			);
			runOnlyForDeploymentPostprocessing = 0;
		};
/* End PBXResourcesBuildPhase section */

/* Begin PBXSourcesBuildPhase section */
		3A57E7EB256D2B5D00810209 /* Sources */ = {
			isa = PBXSourcesBuildPhase;
			buildActionMask = 2147483647;
			files = (
				3A57E809256D2BC000810209 /* SampleView.swift in Sources */,
				3ADABB31256E922800C71FE8 /* SourceView.swift in Sources */,
				3ADABB2B256E8EAD00C71FE8 /* CodeModel.swift in Sources */,
				3AE37B35256D3C1500AB32C8 /* HomeView.swift in Sources */,
				3A57E7F5256D2B5D00810209 /* ContentView.swift in Sources */,
				3ADABB2D256E8F0400C71FE8 /* CodeType.swift in Sources */,
				3A57E7F3256D2B5D00810209 /* UI_PlatformApp.swift in Sources */,
			);
			runOnlyForDeploymentPostprocessing = 0;
		};
/* End PBXSourcesBuildPhase section */

/* Begin XCBuildConfiguration section */
		3A57E7FC256D2B5E00810209 /* Debug */ = {
			isa = XCBuildConfiguration;
			buildSettings = {
				ALWAYS_SEARCH_USER_PATHS = NO;
				CLANG_ANALYZER_NONNULL = YES;
				CLANG_ANALYZER_NUMBER_OBJECT_CONVERSION = YES_AGGRESSIVE;
				CLANG_CXX_LANGUAGE_STANDARD = "gnu++14";
				CLANG_CXX_LIBRARY = "libc++";
				CLANG_ENABLE_MODULES = YES;
				CLANG_ENABLE_OBJC_ARC = YES;
				CLANG_ENABLE_OBJC_WEAK = YES;
				CLANG_WARN_BLOCK_CAPTURE_AUTORELEASING = YES;
				CLANG_WARN_BOOL_CONVERSION = YES;
				CLANG_WARN_COMMA = YES;
				CLANG_WARN_CONSTANT_CONVERSION = YES;
				CLANG_WARN_DEPRECATED_OBJC_IMPLEMENTATIONS = YES;
				CLANG_WARN_DIRECT_OBJC_ISA_USAGE = YES_ERROR;
				CLANG_WARN_DOCUMENTATION_COMMENTS = YES;
				CLANG_WARN_EMPTY_BODY = YES;
				CLANG_WARN_ENUM_CONVERSION = YES;
				CLANG_WARN_INFINITE_RECURSION = YES;
				CLANG_WARN_INT_CONVERSION = YES;
				CLANG_WARN_NON_LITERAL_NULL_CONVERSION = YES;
				CLANG_WARN_OBJC_IMPLICIT_RETAIN_SELF = YES;
				CLANG_WARN_OBJC_LITERAL_CONVERSION = YES;
				CLANG_WARN_OBJC_ROOT_CLASS = YES_ERROR;
				CLANG_WARN_QUOTED_INCLUDE_IN_FRAMEWORK_HEADER = YES;
				CLANG_WARN_RANGE_LOOP_ANALYSIS = YES;
				CLANG_WARN_STRICT_PROTOTYPES = YES;
				CLANG_WARN_SUSPICIOUS_MOVE = YES;
				CLANG_WARN_UNGUARDED_AVAILABILITY = YES_AGGRESSIVE;
				CLANG_WARN_UNREACHABLE_CODE = YES;
				CLANG_WARN__DUPLICATE_METHOD_MATCH = YES;
				COPY_PHASE_STRIP = NO;
				DEBUG_INFORMATION_FORMAT = dwarf;
				ENABLE_STRICT_OBJC_MSGSEND = YES;
				ENABLE_TESTABILITY = YES;
				GCC_C_LANGUAGE_STANDARD = gnu11;
				GCC_DYNAMIC_NO_PIC = NO;
				GCC_NO_COMMON_BLOCKS = YES;
				GCC_OPTIMIZATION_LEVEL = 0;
				GCC_PREPROCESSOR_DEFINITIONS = (
					"DEBUG=1",
					"$(inherited)",
				);
				GCC_WARN_64_TO_32_BIT_CONVERSION = YES;
				GCC_WARN_ABOUT_RETURN_TYPE = YES_ERROR;
				GCC_WARN_UNDECLARED_SELECTOR = YES;
				GCC_WARN_UNINITIALIZED_AUTOS = YES_AGGRESSIVE;
				GCC_WARN_UNUSED_FUNCTION = YES;
				GCC_WARN_UNUSED_VARIABLE = YES;
				IPHONEOS_DEPLOYMENT_TARGET = 14.2;
				MTL_ENABLE_DEBUG_INFO = INCLUDE_SOURCE;
				MTL_FAST_MATH = YES;
				ONLY_ACTIVE_ARCH = YES;
				SDKROOT = iphoneos;
				SWIFT_ACTIVE_COMPILATION_CONDITIONS = DEBUG;
				SWIFT_OPTIMIZATION_LEVEL = "-Onone";
			};
			name = Debug;
		};
		3A57E7FD256D2B5E00810209 /* Release */ = {
			isa = XCBuildConfiguration;
			buildSettings = {
				ALWAYS_SEARCH_USER_PATHS = NO;
				CLANG_ANALYZER_NONNULL = YES;
				CLANG_ANALYZER_NUMBER_OBJECT_CONVERSION = YES_AGGRESSIVE;
				CLANG_CXX_LANGUAGE_STANDARD = "gnu++14";
				CLANG_CXX_LIBRARY = "libc++";
				CLANG_ENABLE_MODULES = YES;
				CLANG_ENABLE_OBJC_ARC = YES;
				CLANG_ENABLE_OBJC_WEAK = YES;
				CLANG_WARN_BLOCK_CAPTURE_AUTORELEASING = YES;
				CLANG_WARN_BOOL_CONVERSION = YES;
				CLANG_WARN_COMMA = YES;
				CLANG_WARN_CONSTANT_CONVERSION = YES;
				CLANG_WARN_DEPRECATED_OBJC_IMPLEMENTATIONS = YES;
				CLANG_WARN_DIRECT_OBJC_ISA_USAGE = YES_ERROR;
				CLANG_WARN_DOCUMENTATION_COMMENTS = YES;
				CLANG_WARN_EMPTY_BODY = YES;
				CLANG_WARN_ENUM_CONVERSION = YES;
				CLANG_WARN_INFINITE_RECURSION = YES;
				CLANG_WARN_INT_CONVERSION = YES;
				CLANG_WARN_NON_LITERAL_NULL_CONVERSION = YES;
				CLANG_WARN_OBJC_IMPLICIT_RETAIN_SELF = YES;
				CLANG_WARN_OBJC_LITERAL_CONVERSION = YES;
				CLANG_WARN_OBJC_ROOT_CLASS = YES_ERROR;
				CLANG_WARN_QUOTED_INCLUDE_IN_FRAMEWORK_HEADER = YES;
				CLANG_WARN_RANGE_LOOP_ANALYSIS = YES;
				CLANG_WARN_STRICT_PROTOTYPES = YES;
				CLANG_WARN_SUSPICIOUS_MOVE = YES;
				CLANG_WARN_UNGUARDED_AVAILABILITY = YES_AGGRESSIVE;
				CLANG_WARN_UNREACHABLE_CODE = YES;
				CLANG_WARN__DUPLICATE_METHOD_MATCH = YES;
				COPY_PHASE_STRIP = NO;
				DEBUG_INFORMATION_FORMAT = "dwarf-with-dsym";
				ENABLE_NS_ASSERTIONS = NO;
				ENABLE_STRICT_OBJC_MSGSEND = YES;
				GCC_C_LANGUAGE_STANDARD = gnu11;
				GCC_NO_COMMON_BLOCKS = YES;
				GCC_WARN_64_TO_32_BIT_CONVERSION = YES;
				GCC_WARN_ABOUT_RETURN_TYPE = YES_ERROR;
				GCC_WARN_UNDECLARED_SELECTOR = YES;
				GCC_WARN_UNINITIALIZED_AUTOS = YES_AGGRESSIVE;
				GCC_WARN_UNUSED_FUNCTION = YES;
				GCC_WARN_UNUSED_VARIABLE = YES;
				IPHONEOS_DEPLOYMENT_TARGET = 14.2;
				MTL_ENABLE_DEBUG_INFO = NO;
				MTL_FAST_MATH = YES;
				SDKROOT = iphoneos;
				SWIFT_COMPILATION_MODE = wholemodule;
				SWIFT_OPTIMIZATION_LEVEL = "-O";
				VALIDATE_PRODUCT = YES;
			};
			name = Release;
		};
		3A57E7FF256D2B5E00810209 /* Debug */ = {
			isa = XCBuildConfiguration;
			buildSettings = {
				ASSETCATALOG_COMPILER_APPICON_NAME = AppIcon;
				ASSETCATALOG_COMPILER_GLOBAL_ACCENT_COLOR_NAME = AccentColor;
				CODE_SIGN_STYLE = Automatic;
				DEVELOPMENT_ASSET_PATHS = "\"UI-Platform/Preview Content\"";
				DEVELOPMENT_TEAM = 4KJFNVZ8R6;
				ENABLE_PREVIEWS = YES;
				INFOPLIST_FILE = "UI-Platform/Info.plist";
				IPHONEOS_DEPLOYMENT_TARGET = 14.0;
				LD_RUNPATH_SEARCH_PATHS = (
					"$(inherited)",
					"@executable_path/Frameworks",
				);
				PRODUCT_BUNDLE_IDENTIFIER = "com.yuukisakai.UI-Platform";
				PRODUCT_NAME = "$(TARGET_NAME)";
				SWIFT_VERSION = 5.0;
				TARGETED_DEVICE_FAMILY = "1,2";
			};
			name = Debug;
		};
		3A57E800256D2B5E00810209 /* Release */ = {
			isa = XCBuildConfiguration;
			buildSettings = {
				ASSETCATALOG_COMPILER_APPICON_NAME = AppIcon;
				ASSETCATALOG_COMPILER_GLOBAL_ACCENT_COLOR_NAME = AccentColor;
				CODE_SIGN_STYLE = Automatic;
				DEVELOPMENT_ASSET_PATHS = "\"UI-Platform/Preview Content\"";
				DEVELOPMENT_TEAM = 4KJFNVZ8R6;
				ENABLE_PREVIEWS = YES;
				INFOPLIST_FILE = "UI-Platform/Info.plist";
				IPHONEOS_DEPLOYMENT_TARGET = 14.0;
				LD_RUNPATH_SEARCH_PATHS = (
					"$(inherited)",
					"@executable_path/Frameworks",
				);
				PRODUCT_BUNDLE_IDENTIFIER = "com.yuukisakai.UI-Platform";
				PRODUCT_NAME = "$(TARGET_NAME)";
				SWIFT_VERSION = 5.0;
				TARGETED_DEVICE_FAMILY = "1,2";
			};
			name = Release;
		};
/* End XCBuildConfiguration section */

/* Begin XCConfigurationList section */
		3A57E7EA256D2B5D00810209 /* Build configuration list for PBXProject "UI-Platform" */ = {
			isa = XCConfigurationList;
			buildConfigurations = (
				3A57E7FC256D2B5E00810209 /* Debug */,
				3A57E7FD256D2B5E00810209 /* Release */,
			);
			defaultConfigurationIsVisible = 0;
			defaultConfigurationName = Release;
		};
		3A57E7FE256D2B5E00810209 /* Build configuration list for PBXNativeTarget "UI-Platform" */ = {
			isa = XCConfigurationList;
			buildConfigurations = (
				3A57E7FF256D2B5E00810209 /* Debug */,
				3A57E800256D2B5E00810209 /* Release */,
			);
			defaultConfigurationIsVisible = 0;
			defaultConfigurationName = Release;
		};
/* End XCConfigurationList section */

/* Begin XCRemoteSwiftPackageReference section */
		3A57E802256D2B9C00810209 /* XCRemoteSwiftPackageReference "CodeMirror-SwiftUI" */ = {
			isa = XCRemoteSwiftPackageReference;
			repositoryURL = "https://github.com/Pictarine/CodeMirror-SwiftUI";
			requirement = {
				kind = upToNextMajorVersion;
				minimumVersion = 0.1.5;
			};
		};
/* End XCRemoteSwiftPackageReference section */

/* Begin XCSwiftPackageProductDependency section */
		3A57E803256D2B9C00810209 /* CodeMirror-SwiftUI */ = {
			isa = XCSwiftPackageProductDependency;
			package = 3A57E802256D2B9C00810209 /* XCRemoteSwiftPackageReference "CodeMirror-SwiftUI" */;
			productName = "CodeMirror-SwiftUI";
		};
/* End XCSwiftPackageProductDependency section */
	};
	rootObject = 3A57E7E7256D2B5D00810209 /* Project object */;
}
